
Microsoft Visual Studio Solution File, Format Version 11.00
# Visual Studio 2010
Project("{8BC9CEB8-8B4A-11D0-8D11-00A0C91BC942}") = "DVRPlayer", "DVRPlayer_2010.vcxproj", "{632BD71E-6C56-4D3A-9981-0CE3A83EC86B}"
	ProjectSection(ProjectDependencies) = postProject
		{A3988C1B-240D-0AA3-A668-79A89C861038} = {A3988C1B-240D-0AA3-A668-79A89C861038}
	EndProjectSection
EndProject
Project("{E24C65DC-7377-472B-9ABA-BC803B73C61A}") = "WebSite", "WebSite\", "{9C75718B-CBC3-4851-BD6B-247407D3FBA3}"
	ProjectSection(WebsiteProperties) = preProject
		SccProjectName = ""
		SccAuxPath = ""
		SccLocalPath = ""
		SccProvider = ""
		TargetFrameworkMoniker = ".NETFramework,Version%3Dv4.0"
		Debug.AspNetCompiler.VirtualPath = "/WebSite"
		Debug.AspNetCompiler.PhysicalPath = "WebSite\"
		Debug.AspNetCompiler.TargetPath = "PrecompiledWeb\WebSite\"
		Debug.AspNetCompiler.Updateable = "true"
		Debug.AspNetCompiler.ForceOverwrite = "true"
		Debug.AspNetCompiler.FixedNames = "false"
		Debug.AspNetCompiler.Debug = "True"
		Release.AspNetCompiler.VirtualPath = "/WebSite"
		Release.AspNetCompiler.PhysicalPath = "WebSite\"
		Release.AspNetCompiler.TargetPath = "PrecompiledWeb\WebSite\"
		Release.AspNetCompiler.Updateable = "true"
		Release.AspNetCompiler.ForceOverwrite = "true"
		Release.AspNetCompiler.FixedNames = "false"
		Release.AspNetCompiler.Debug = "False"
		VWDPort = "49982"
	EndProjectSection
EndProject
Project("{8BC9CEB8-8B4A-11D0-8D11-00A0C91BC942}") = "HWndDll", "HWNDDLL\HWndDll_2010.vcxproj", "{A3988C1B-240D-0AA3-A668-79A89C861038}"
EndProject
Global
	GlobalSection(SolutionConfigurationPlatforms) = preSolution
		Debug|Any CPU = Debug|Any CPU
		Debug|Mixed Platforms = Debug|Mixed Platforms
		Debug|Win32 = Debug|Win32
		Debug|x86 = Debug|x86
		DevRelease|Any CPU = DevRelease|Any CPU
		DevRelease|Mixed Platforms = DevRelease|Mixed Platforms
		DevRelease|Win32 = DevRelease|Win32
		DevRelease|x86 = DevRelease|x86
		Release|Any CPU = Release|Any CPU
		Release|Mixed Platforms = Release|Mixed Platforms
		Release|Win32 = Release|Win32
		Release|x86 = Release|x86
	EndGlobalSection
	GlobalSection(ProjectConfigurationPlatforms) = postSolution
		{632BD71E-6C56-4D3A-9981-0CE3A83EC86B}.Debug|Any CPU.ActiveCfg = Debug|Win32
		{632BD71E-6C56-4D3A-9981-0CE3A83EC86B}.Debug|Mixed Platforms.ActiveCfg = Debug|Win32
		{632BD71E-6C56-4D3A-9981-0CE3A83EC86B}.Debug|Mixed Platforms.Build.0 = Debug|Win32
		{632BD71E-6C56-4D3A-9981-0CE3A83EC86B}.Debug|Win32.ActiveCfg = Debug|Win32
		{632BD71E-6C56-4D3A-9981-0CE3A83EC86B}.Debug|Win32.Build.0 = Debug|Win32
		{632BD71E-6C56-4D3A-9981-0CE3A83EC86B}.Debug|x86.ActiveCfg = Debug|Win32
		{632BD71E-6C56-4D3A-9981-0CE3A83EC86B}.DevRelease|Any CPU.ActiveCfg = DevRelease|Win32
		{632BD71E-6C56-4D3A-9981-0CE3A83EC86B}.DevRelease|Mixed Platforms.ActiveCfg = DevRelease|Win32
		{632BD71E-6C56-4D3A-9981-0CE3A83EC86B}.DevRelease|Mixed Platforms.Build.0 = DevRelease|Win32
		{632BD71E-6C56-4D3A-9981-0CE3A83EC86B}.DevRelease|Win32.ActiveCfg = DevRelease|Win32
		{632BD71E-6C56-4D3A-9981-0CE3A83EC86B}.DevRelease|Win32.Build.0 = DevRelease|Win32
		{632BD71E-6C56-4D3A-9981-0CE3A83EC86B}.DevRelease|x86.ActiveCfg = DevRelease|Win32
		{632BD71E-6C56-4D3A-9981-0CE3A83EC86B}.Release|Any CPU.ActiveCfg = Release|Win32
		{632BD71E-6C56-4D3A-9981-0CE3A83EC86B}.Release|Mixed Platforms.ActiveCfg = Release|Win32
		{632BD71E-6C56-4D3A-9981-0CE3A83EC86B}.Release|Mixed Platforms.Build.0 = Release|Win32
		{632BD71E-6C56-4D3A-9981-0CE3A83EC86B}.Release|Win32.ActiveCfg = Release|Win32
		{632BD71E-6C56-4D3A-9981-0CE3A83EC86B}.Release|Win32.Build.0 = Release|Win32
		{632BD71E-6C56-4D3A-9981-0CE3A83EC86B}.Release|x86.ActiveCfg = Release|Win32
		{9C75718B-CBC3-4851-BD6B-247407D3FBA3}.Debug|Any CPU.ActiveCfg = Debug|Any CPU
		{9C75718B-CBC3-4851-BD6B-247407D3FBA3}.Debug|Any CPU.Build.0 = Debug|Any CPU
		{9C75718B-CBC3-4851-BD6B-247407D3FBA3}.Debug|Mixed Platforms.ActiveCfg = Debug|Any CPU
		{9C75718B-CBC3-4851-BD6B-247407D3FBA3}.Debug|Mixed Platforms.Build.0 = Debug|Any CPU
		{9C75718B-CBC3-4851-BD6B-247407D3FBA3}.Debug|Win32.ActiveCfg = Debug|Any CPU
		{9C75718B-CBC3-4851-BD6B-247407D3FBA3}.Debug|x86.ActiveCfg = Debug|Any CPU
		{9C75718B-CBC3-4851-BD6B-247407D3FBA3}.DevRelease|Any CPU.ActiveCfg = Debug|Any CPU
		{9C75718B-CBC3-4851-BD6B-247407D3FBA3}.DevRelease|Any CPU.Build.0 = Debug|Any CPU
		{9C75718B-CBC3-4851-BD6B-247407D3FBA3}.DevRelease|Mixed Platforms.ActiveCfg = Debug|Any CPU
		{9C75718B-CBC3-4851-BD6B-247407D3FBA3}.DevRelease|Mixed Platforms.Build.0 = Debug|Any CPU
		{9C75718B-CBC3-4851-BD6B-247407D3FBA3}.DevRelease|Win32.ActiveCfg = Debug|Any CPU
		{9C75718B-CBC3-4851-BD6B-247407D3FBA3}.DevRelease|x86.ActiveCfg = Debug|Any CPU
		{9C75718B-CBC3-4851-BD6B-247407D3FBA3}.Release|Any CPU.ActiveCfg = Debug|Any CPU
		{9C75718B-CBC3-4851-BD6B-247407D3FBA3}.Release|Any CPU.Build.0 = Debug|Any CPU
		{9C75718B-CBC3-4851-BD6B-247407D3FBA3}.Release|Mixed Platforms.ActiveCfg = Debug|Any CPU
		{9C75718B-CBC3-4851-BD6B-247407D3FBA3}.Release|Mixed Platforms.Build.0 = Debug|Any CPU
		{9C75718B-CBC3-4851-BD6B-247407D3FBA3}.Release|Win32.ActiveCfg = Debug|Any CPU
		{9C75718B-CBC3-4851-BD6B-247407D3FBA3}.Release|x86.ActiveCfg = Debug|Any CPU
		{A3988C1B-240D-0AA3-A668-79A89C861038}.Debug|Any CPU.ActiveCfg = Debug|Win32
		{A3988C1B-240D-0AA3-A668-79A89C861038}.Debug|Mixed Platforms.ActiveCfg = Debug|Win32
		{A3988C1B-240D-0AA3-A668-79A89C861038}.Debug|Mixed Platforms.Build.0 = Debug|Win32
		{A3988C1B-240D-0AA3-A668-79A89C861038}.Debug|Win32.ActiveCfg = Debug|Win32
		{A3988C1B-240D-0AA3-A668-79A89C861038}.Debug|Win32.Build.0 = Debug|Win32
		{A3988C1B-240D-0AA3-A668-79A89C861038}.Debug|x86.ActiveCfg = Debug|Win32
		{A3988C1B-240D-0AA3-A668-79A89C861038}.DevRelease|Any CPU.ActiveCfg = Release|Win32
		{A3988C1B-240D-0AA3-A668-79A89C861038}.DevRelease|Mixed Platforms.ActiveCfg = Release|Win32
		{A3988C1B-240D-0AA3-A668-79A89C861038}.DevRelease|Mixed Platforms.Build.0 = Release|Win32
		{A3988C1B-240D-0AA3-A668-79A89C861038}.DevRelease|Win32.ActiveCfg = Release|Win32
		{A3988C1B-240D-0AA3-A668-79A89C861038}.DevRelease|Win32.Build.0 = Release|Win32
		{A3988C1B-240D-0AA3-A668-79A89C861038}.DevRelease|x86.ActiveCfg = Release|Win32
		{A3988C1B-240D-0AA3-A668-79A89C861038}.Release|Any CPU.ActiveCfg = Release|Win32
		{A3988C1B-240D-0AA3-A668-79A89C861038}.Release|Mixed Platforms.ActiveCfg = Release|Win32
		{A3988C1B-240D-0AA3-A668-79A89C861038}.Release|Mixed Platforms.Build.0 = Release|Win32
		{A3988C1B-240D-0AA3-A668-79A89C861038}.Release|Win32.ActiveCfg = Release|Win32
		{A3988C1B-240D-0AA3-A668-79A89C861038}.Release|Win32.Build.0 = Release|Win32
		{A3988C1B-240D-0AA3-A668-79A89C861038}.Release|x86.ActiveCfg = Release|Win32
	EndGlobalSection
	GlobalSection(SolutionProperties) = preSolution
		HideSolutionNode = FALSE
	EndGlobalSection
	GlobalSection(SubversionScc) = preSolution
		Svn-Managed = True
		Manager = AnkhSVN - Subversion Support for Visual Studio
	EndGlobalSection
EndGlobal
